// !$*UTF8*$!
{
	archiveVersion = 1;
	classes = {
	};
	objectVersion = 55;
	objects = {

/* Begin PBXBuildFile section */
		FA05ED852871A757009777AF /* AppDelegate.swift in Sources */ = {isa = PBXBuildFile; fileRef = FA05ED842871A757009777AF /* AppDelegate.swift */; };
		FA05ED872871A757009777AF /* SceneDelegate.swift in Sources */ = {isa = PBXBuildFile; fileRef = FA05ED862871A757009777AF /* SceneDelegate.swift */; };
		FA05ED892871A757009777AF /* ViewController.swift in Sources */ = {isa = PBXBuildFile; fileRef = FA05ED882871A757009777AF /* ViewController.swift */; };
		FA05ED8C2871A757009777AF /* Main.storyboard in Resources */ = {isa = PBXBuildFile; fileRef = FA05ED8A2871A757009777AF /* Main.storyboard */; };
		FA05ED8E2871A759009777AF /* Assets.xcassets in Resources */ = {isa = PBXBuildFile; fileRef = FA05ED8D2871A759009777AF /* Assets.xcassets */; };
		FA05ED912871A759009777AF /* LaunchScreen.storyboard in Resources */ = {isa = PBXBuildFile; fileRef = FA05ED8F2871A759009777AF /* LaunchScreen.storyboard */; };
		FA05ED992871AACC009777AF /* AppConstants.swift in Sources */ = {isa = PBXBuildFile; fileRef = FA05ED982871AACC009777AF /* AppConstants.swift */; };
		FA05ED9B2871B537009777AF /* UIView + Ext.swift in Sources */ = {isa = PBXBuildFile; fileRef = FA05ED9A2871B537009777AF /* UIView + Ext.swift */; };
		FA28245D287567D60047D551 /* MainScreenPresenter.swift in Sources */ = {isa = PBXBuildFile; fileRef = FA28245C287567D60047D551 /* MainScreenPresenter.swift */; };
		FA28246128758F7E0047D551 /* PopupViewController.swift in Sources */ = {isa = PBXBuildFile; fileRef = FA28246028758F7E0047D551 /* PopupViewController.swift */; };
/* End PBXBuildFile section */

/* Begin PBXFileReference section */
		FA05ED812871A757009777AF /* MusicApp.app */ = {isa = PBXFileReference; explicitFileType = wrapper.application; includeInIndex = 0; path = MusicApp.app; sourceTree = BUILT_PRODUCTS_DIR; };
		FA05ED842871A757009777AF /* AppDelegate.swift */ = {isa = PBXFileReference; lastKnownFileType = sourcecode.swift; path = AppDelegate.swift; sourceTree = "<group>"; };
		FA05ED862871A757009777AF /* SceneDelegate.swift */ = {isa = PBXFileReference; lastKnownFileType = sourcecode.swift; path = SceneDelegate.swift; sourceTree = "<group>"; };
		FA05ED882871A757009777AF /* ViewController.swift */ = {isa = PBXFileReference; lastKnownFileType = sourcecode.swift; path = ViewController.swift; sourceTree = "<group>"; };
		FA05ED8B2871A757009777AF /* Base */ = {isa = PBXFileReference; lastKnownFileType = file.storyboard; name = Base; path = Base.lproj/Main.storyboard; sourceTree = "<group>"; };
		FA05ED8D2871A759009777AF /* Assets.xcassets */ = {isa = PBXFileReference; lastKnownFileType = folder.assetcatalog; path = Assets.xcassets; sourceTree = "<group>"; };
		FA05ED902871A759009777AF /* Base */ = {isa = PBXFileReference; lastKnownFileType = file.storyboard; name = Base; path = Base.lproj/LaunchScreen.storyboard; sourceTree = "<group>"; };
		FA05ED922871A759009777AF /* Info.plist */ = {isa = PBXFileReference; lastKnownFileType = text.plist.xml; path = Info.plist; sourceTree = "<group>"; };
		FA05ED982871AACC009777AF /* AppConstants.swift */ = {isa = PBXFileReference; lastKnownFileType = sourcecode.swift; path = AppConstants.swift; sourceTree = "<group>"; };
		FA05ED9A2871B537009777AF /* UIView + Ext.swift */ = {isa = PBXFileReference; lastKnownFileType = sourcecode.swift; path = "UIView + Ext.swift"; sourceTree = "<group>"; };
		FA28245C287567D60047D551 /* MainScreenPresenter.swift */ = {isa = PBXFileReference; lastKnownFileType = sourcecode.swift; path = MainScreenPresenter.swift; sourceTree = "<group>"; };
		FA28246028758F7E0047D551 /* PopupViewController.swift */ = {isa = PBXFileReference; lastKnownFileType = sourcecode.swift; path = PopupViewController.swift; sourceTree = "<group>"; };
/* End PBXFileReference section */

/* Begin PBXFrameworksBuildPhase section */
		FA05ED7E2871A757009777AF /* Frameworks */ = {
			isa = PBXFrameworksBuildPhase;
			buildActionMask = 2147483647;
			files = (
			);
			runOnlyForDeploymentPostprocessing = 0;
		};
/* End PBXFrameworksBuildPhase section */

/* Begin PBXGroup section */
		FA05ED782871A757009777AF = {
			isa = PBXGroup;
			children = (
				FA05ED832871A757009777AF /* MusicApp */,
				FA05ED822871A757009777AF /* Products */,
			);
			sourceTree = "<group>";
		};
		FA05ED822871A757009777AF /* Products */ = {
			isa = PBXGroup;
			children = (
				FA05ED812871A757009777AF /* MusicApp.app */,
			);
			name = Products;
			sourceTree = "<group>";
		};
		FA05ED832871A757009777AF /* MusicApp */ = {
			isa = PBXGroup;
			children = (
				FA05ED922871A759009777AF /* Info.plist */,
				FA2824672875AF910047D551 /* Presenter */,
				FA2824662875AF8C0047D551 /* View */,
				FA2824632875AF6C0047D551 /* Helpers */,
				FA2824622875AF310047D551 /* Sources */,
			);
			path = MusicApp;
			sourceTree = "<group>";
		};
		FA2824622875AF310047D551 /* Sources */ = {
			isa = PBXGroup;
			children = (
				FA05ED8F2871A759009777AF /* LaunchScreen.storyboard */,
				FA05ED8D2871A759009777AF /* Assets.xcassets */,
				FA05ED862871A757009777AF /* SceneDelegate.swift */,
				FA05ED842871A757009777AF /* AppDelegate.swift */,
			);
			path = Sources;
			sourceTree = "<group>";
		};
		FA2824632875AF6C0047D551 /* Helpers */ = {
			isa = PBXGroup;
			children = (
				FA2824652875AF7E0047D551 /* AppConstants */,
				FA2824642875AF740047D551 /* Extension */,
			);
			path = Helpers;
			sourceTree = "<group>";
		};
		FA2824642875AF740047D551 /* Extension */ = {
			isa = PBXGroup;
			children = (
				FA05ED9A2871B537009777AF /* UIView + Ext.swift */,
			);
			path = Extension;
			sourceTree = "<group>";
		};
		FA2824652875AF7E0047D551 /* AppConstants */ = {
			isa = PBXGroup;
			children = (
				FA05ED982871AACC009777AF /* AppConstants.swift */,
			);
			path = AppConstants;
			sourceTree = "<group>";
		};
		FA2824662875AF8C0047D551 /* View */ = {
			isa = PBXGroup;
			children = (
				FA28246028758F7E0047D551 /* PopupViewController.swift */,
				FA05ED882871A757009777AF /* ViewController.swift */,
				FA2824682875AFB00047D551 /* Storyboard */,
			);
			path = View;
			sourceTree = "<group>";
		};
		FA2824672875AF910047D551 /* Presenter */ = {
			isa = PBXGroup;
			children = (
				FA28245C287567D60047D551 /* MainScreenPresenter.swift */,
			);
			path = Presenter;
			sourceTree = "<group>";
		};
		FA2824682875AFB00047D551 /* Storyboard */ = {
			isa = PBXGroup;
			children = (
				FA05ED8A2871A757009777AF /* Main.storyboard */,
			);
			path = Storyboard;
			sourceTree = "<group>";
		};
/* End PBXGroup section */

/* Begin PBXNativeTarget section */
		FA05ED802871A757009777AF /* MusicApp */ = {
			isa = PBXNativeTarget;
			buildConfigurationList = FA05ED952871A759009777AF /* Build configuration list for PBXNativeTarget "MusicApp" */;
			buildPhases = (
				FA05ED7D2871A757009777AF /* Sources */,
				FA05ED7E2871A757009777AF /* Frameworks */,
				FA05ED7F2871A757009777AF /* Resources */,
			);
			buildRules = (
			);
			dependencies = (
			);
			name = MusicApp;
			productName = MusicApp;
			productReference = FA05ED812871A757009777AF /* MusicApp.app */;
			productType = "com.apple.product-type.application";
		};
/* End PBXNativeTarget section */

/* Begin PBXProject section */
		FA05ED792871A757009777AF /* Project object */ = {
			isa = PBXProject;
			attributes = {
				BuildIndependentTargetsInParallel = 1;
				LastSwiftUpdateCheck = 1340;
				LastUpgradeCheck = 1340;
				TargetAttributes = {
					FA05ED802871A757009777AF = {
						CreatedOnToolsVersion = 13.4;
					};
				};
			};
			buildConfigurationList = FA05ED7C2871A757009777AF /* Build configuration list for PBXProject "MusicApp" */;
			compatibilityVersion = "Xcode 13.0";
			developmentRegion = en;
			hasScannedForEncodings = 0;
			knownRegions = (
				en,
				Base,
			);
			mainGroup = FA05ED782871A757009777AF;
			productRefGroup = FA05ED822871A757009777AF /* Products */;
			projectDirPath = "";
			projectRoot = "";
			targets = (
				FA05ED802871A757009777AF /* MusicApp */,
			);
		};
/* End PBXProject section */

/* Begin PBXResourcesBuildPhase section */
		FA05ED7F2871A757009777AF /* Resources */ = {
			isa = PBXResourcesBuildPhase;
			buildActionMask = 2147483647;
			files = (
				FA05ED912871A759009777AF /* LaunchScreen.storyboard in Resources */,
				FA05ED8E2871A759009777AF /* Assets.xcassets in Resources */,
				FA05ED8C2871A757009777AF /* Main.storyboard in Resources */,
			);
			runOnlyForDeploymentPostprocessing = 0;
		};
/* End PBXResourcesBuildPhase section */

/* Begin PBXSourcesBuildPhase section */
		FA05ED7D2871A757009777AF /* Sources */ = {
			isa = PBXSourcesBuildPhase;
			buildActionMask = 2147483647;
			files = (
				FA05ED892871A757009777AF /* ViewController.swift in Sources */,
				FA05ED852871A757009777AF /* AppDelegate.swift in Sources */,
				FA28245D287567D60047D551 /* MainScreenPresenter.swift in Sources */,
				FA05ED872871A757009777AF /* SceneDelegate.swift in Sources */,
				FA05ED992871AACC009777AF /* AppConstants.swift in Sources */,
				FA05ED9B2871B537009777AF /* UIView + Ext.swift in Sources */,
				FA28246128758F7E0047D551 /* PopupViewController.swift in Sources */,
			);
			runOnlyForDeploymentPostprocessing = 0;
		};
/* End PBXSourcesBuildPhase section */

/* Begin PBXVariantGroup section */
		FA05ED8A2871A757009777AF /* Main.storyboard */ = {
			isa = PBXVariantGroup;
			children = (
				FA05ED8B2871A757009777AF /* Base */,
			);
			name = Main.storyboard;
			sourceTree = "<group>";
		};
		FA05ED8F2871A759009777AF /* LaunchScreen.storyboard */ = {
			isa = PBXVariantGroup;
			children = (
				FA05ED902871A759009777AF /* Base */,
			);
			name = LaunchScreen.storyboard;
			sourceTree = "<group>";
		};
/* End PBXVariantGroup section */

/* Begin XCBuildConfiguration section */
		FA05ED932871A759009777AF /* Debug */ = {
			isa = XCBuildConfiguration;
			buildSettings = {
				ALWAYS_SEARCH_USER_PATHS = NO;
				CLANG_ANALYZER_NONNULL = YES;
				CLANG_ANALYZER_NUMBER_OBJECT_CONVERSION = YES_AGGRESSIVE;
				CLANG_CXX_LANGUAGE_STANDARD = "gnu++17";
				CLANG_ENABLE_MODULES = YES;
				CLANG_ENABLE_OBJC_ARC = YES;
				CLANG_ENABLE_OBJC_WEAK = YES;
				CLANG_WARN_BLOCK_CAPTURE_AUTORELEASING = YES;
				CLANG_WARN_BOOL_CONVERSION = YES;
				CLANG_WARN_COMMA = YES;
				CLANG_WARN_CONSTANT_CONVERSION = YES;
				CLANG_WARN_DEPRECATED_OBJC_IMPLEMENTATIONS = YES;
				CLANG_WARN_DIRECT_OBJC_ISA_USAGE = YES_ERROR;
				CLANG_WARN_DOCUMENTATION_COMMENTS = YES;
				CLANG_WARN_EMPTY_BODY = YES;
				CLANG_WARN_ENUM_CONVERSION = YES;
				CLANG_WARN_INFINITE_RECURSION = YES;
				CLANG_WARN_INT_CONVERSION = YES;
				CLANG_WARN_NON_LITERAL_NULL_CONVERSION = YES;
				CLANG_WARN_OBJC_IMPLICIT_RETAIN_SELF = YES;
				CLANG_WARN_OBJC_LITERAL_CONVERSION = YES;
				CLANG_WARN_OBJC_ROOT_CLASS = YES_ERROR;
				CLANG_WARN_QUOTED_INCLUDE_IN_FRAMEWORK_HEADER = YES;
				CLANG_WARN_RANGE_LOOP_ANALYSIS = YES;
				CLANG_WARN_STRICT_PROTOTYPES = YES;
				CLANG_WARN_SUSPICIOUS_MOVE = YES;
				CLANG_WARN_UNGUARDED_AVAILABILITY = YES_AGGRESSIVE;
				CLANG_WARN_UNREACHABLE_CODE = YES;
				CLANG_WARN__DUPLICATE_METHOD_MATCH = YES;
				COPY_PHASE_STRIP = NO;
				DEBUG_INFORMATION_FORMAT = dwarf;
				ENABLE_STRICT_OBJC_MSGSEND = YES;
				ENABLE_TESTABILITY = YES;
				GCC_C_LANGUAGE_STANDARD = gnu11;
				GCC_DYNAMIC_NO_PIC = NO;
				GCC_NO_COMMON_BLOCKS = YES;
				GCC_OPTIMIZATION_LEVEL = 0;
				GCC_PREPROCESSOR_DEFINITIONS = (
					"DEBUG=1",
					"$(inherited)",
				);
				GCC_WARN_64_TO_32_BIT_CONVERSION = YES;
				GCC_WARN_ABOUT_RETURN_TYPE = YES_ERROR;
				GCC_WARN_UNDECLARED_SELECTOR = YES;
				GCC_WARN_UNINITIALIZED_AUTOS = YES_AGGRESSIVE;
				GCC_WARN_UNUSED_FUNCTION = YES;
				GCC_WARN_UNUSED_VARIABLE = YES;
				IPHONEOS_DEPLOYMENT_TARGET = 15.5;
				MTL_ENABLE_DEBUG_INFO = INCLUDE_SOURCE;
				MTL_FAST_MATH = YES;
				ONLY_ACTIVE_ARCH = YES;
				SDKROOT = iphoneos;
				SWIFT_ACTIVE_COMPILATION_CONDITIONS = DEBUG;
				SWIFT_OPTIMIZATION_LEVEL = "-Onone";
			};
			name = Debug;
		};
		FA05ED942871A759009777AF /* Release */ = {
			isa = XCBuildConfiguration;
			buildSettings = {
				ALWAYS_SEARCH_USER_PATHS = NO;
				CLANG_ANALYZER_NONNULL = YES;
				CLANG_ANALYZER_NUMBER_OBJECT_CONVERSION = YES_AGGRESSIVE;
				CLANG_CXX_LANGUAGE_STANDARD = "gnu++17";
				CLANG_ENABLE_MODULES = YES;
				CLANG_ENABLE_OBJC_ARC = YES;
				CLANG_ENABLE_OBJC_WEAK = YES;
				CLANG_WARN_BLOCK_CAPTURE_AUTORELEASING = YES;
				CLANG_WARN_BOOL_CONVERSION = YES;
				CLANG_WARN_COMMA = YES;
				CLANG_WARN_CONSTANT_CONVERSION = YES;
				CLANG_WARN_DEPRECATED_OBJC_IMPLEMENTATIONS = YES;
				CLANG_WARN_DIRECT_OBJC_ISA_USAGE = YES_ERROR;
				CLANG_WARN_DOCUMENTATION_COMMENTS = YES;
				CLANG_WARN_EMPTY_BODY = YES;
				CLANG_WARN_ENUM_CONVERSION = YES;
				CLANG_WARN_INFINITE_RECURSION = YES;
				CLANG_WARN_INT_CONVERSION = YES;
				CLANG_WARN_NON_LITERAL_NULL_CONVERSION = YES;
				CLANG_WARN_OBJC_IMPLICIT_RETAIN_SELF = YES;
				CLANG_WARN_OBJC_LITERAL_CONVERSION = YES;
				CLANG_WARN_OBJC_ROOT_CLASS = YES_ERROR;
				CLANG_WARN_QUOTED_INCLUDE_IN_FRAMEWORK_HEADER = YES;
				CLANG_WARN_RANGE_LOOP_ANALYSIS = YES;
				CLANG_WARN_STRICT_PROTOTYPES = YES;
				CLANG_WARN_SUSPICIOUS_MOVE = YES;
				CLANG_WARN_UNGUARDED_AVAILABILITY = YES_AGGRESSIVE;
				CLANG_WARN_UNREACHABLE_CODE = YES;
				CLANG_WARN__DUPLICATE_METHOD_MATCH = YES;
				COPY_PHASE_STRIP = NO;
				DEBUG_INFORMATION_FORMAT = "dwarf-with-dsym";
				ENABLE_NS_ASSERTIONS = NO;
				ENABLE_STRICT_OBJC_MSGSEND = YES;
				GCC_C_LANGUAGE_STANDARD = gnu11;
				GCC_NO_COMMON_BLOCKS = YES;
				GCC_WARN_64_TO_32_BIT_CONVERSION = YES;
				GCC_WARN_ABOUT_RETURN_TYPE = YES_ERROR;
				GCC_WARN_UNDECLARED_SELECTOR = YES;
				GCC_WARN_UNINITIALIZED_AUTOS = YES_AGGRESSIVE;
				GCC_WARN_UNUSED_FUNCTION = YES;
				GCC_WARN_UNUSED_VARIABLE = YES;
				IPHONEOS_DEPLOYMENT_TARGET = 15.5;
				MTL_ENABLE_DEBUG_INFO = NO;
				MTL_FAST_MATH = YES;
				SDKROOT = iphoneos;
				SWIFT_COMPILATION_MODE = wholemodule;
				SWIFT_OPTIMIZATION_LEVEL = "-O";
				VALIDATE_PRODUCT = YES;
			};
			name = Release;
		};
		FA05ED962871A759009777AF /* Debug */ = {
			isa = XCBuildConfiguration;
			buildSettings = {
				ASSETCATALOG_COMPILER_APPICON_NAME = AppIcon;
				ASSETCATALOG_COMPILER_GLOBAL_ACCENT_COLOR_NAME = AccentColor;
				CODE_SIGN_STYLE = Automatic;
				CURRENT_PROJECT_VERSION = 1;
				DEVELOPMENT_TEAM = YC264A289X;
				GENERATE_INFOPLIST_FILE = YES;
				INFOPLIST_FILE = MusicApp/Info.plist;
				INFOPLIST_KEY_UIApplicationSupportsIndirectInputEvents = YES;
				INFOPLIST_KEY_UILaunchStoryboardName = LaunchScreen;
				INFOPLIST_KEY_UIMainStoryboardFile = Main;
				INFOPLIST_KEY_UISupportedInterfaceOrientations = "UIInterfaceOrientationLandscapeLeft UIInterfaceOrientationLandscapeRight";
				INFOPLIST_KEY_UISupportedInterfaceOrientations_iPad = "UIInterfaceOrientationPortrait UIInterfaceOrientationPortraitUpsideDown UIInterfaceOrientationLandscapeLeft UIInterfaceOrientationLandscapeRight";
				INFOPLIST_KEY_UISupportedInterfaceOrientations_iPhone = "UIInterfaceOrientationPortrait UIInterfaceOrientationLandscapeLeft UIInterfaceOrientationLandscapeRight";
				IPHONEOS_DEPLOYMENT_TARGET = 14.0;
				LD_RUNPATH_SEARCH_PATHS = (
					"$(inherited)",
					"@executable_path/Frameworks",
				);
				MARKETING_VERSION = 1.0;
				PRODUCT_BUNDLE_IDENTIFIER = msklv.MusicApp;
				PRODUCT_NAME = "$(TARGET_NAME)";
				SWIFT_EMIT_LOC_STRINGS = YES;
				SWIFT_VERSION = 5.0;
				TARGETED_DEVICE_FAMILY = "1,2";
			};
			name = Debug;
		};
		FA05ED972871A759009777AF /* Release */ = {
			isa = XCBuildConfiguration;
			buildSettings = {
				ASSETCATALOG_COMPILER_APPICON_NAME = AppIcon;
				ASSETCATALOG_COMPILER_GLOBAL_ACCENT_COLOR_NAME = AccentColor;
				CODE_SIGN_STYLE = Automatic;
				CURRENT_PROJECT_VERSION = 1;
				DEVELOPMENT_TEAM = 34G8ST8QML;
				GENERATE_INFOPLIST_FILE = YES;
				INFOPLIST_FILE = MusicApp/Info.plist;
				INFOPLIST_KEY_UIApplicationSupportsIndirectInputEvents = YES;
				INFOPLIST_KEY_UILaunchStoryboardName = LaunchScreen;
				INFOPLIST_KEY_UIMainStoryboardFile = Main;
				INFOPLIST_KEY_UISupportedInterfaceOrientations = "UIInterfaceOrientationLandscapeLeft UIInterfaceOrientationLandscapeRight";
				INFOPLIST_KEY_UISupportedInterfaceOrientations_iPad = "UIInterfaceOrientationPortrait UIInterfaceOrientationPortraitUpsideDown UIInterfaceOrientationLandscapeLeft UIInterfaceOrientationLandscapeRight";
				INFOPLIST_KEY_UISupportedInterfaceOrientations_iPhone = "UIInterfaceOrientationPortrait UIInterfaceOrientationLandscapeLeft UIInterfaceOrientationLandscapeRight";
				IPHONEOS_DEPLOYMENT_TARGET = 14.0;
				LD_RUNPATH_SEARCH_PATHS = (
					"$(inherited)",
					"@executable_path/Frameworks",
				);
				MARKETING_VERSION = 1.0;
				PRODUCT_BUNDLE_IDENTIFIER = msklv.MusicApp;
				PRODUCT_NAME = "$(TARGET_NAME)";
				SWIFT_EMIT_LOC_STRINGS = YES;
				SWIFT_VERSION = 5.0;
				TARGETED_DEVICE_FAMILY = "1,2";
			};
			name = Release;
		};
/* End XCBuildConfiguration section */

/* Begin XCConfigurationList section */
		FA05ED7C2871A757009777AF /* Build configuration list for PBXProject "MusicApp" */ = {
			isa = XCConfigurationList;
			buildConfigurations = (
				FA05ED932871A759009777AF /* Debug */,
				FA05ED942871A759009777AF /* Release */,
			);
			defaultConfigurationIsVisible = 0;
			defaultConfigurationName = Release;
		};
		FA05ED952871A759009777AF /* Build configuration list for PBXNativeTarget "MusicApp" */ = {
			isa = XCConfigurationList;
			buildConfigurations = (
				FA05ED962871A759009777AF /* Debug */,
				FA05ED972871A759009777AF /* Release */,
			);
			defaultConfigurationIsVisible = 0;
			defaultConfigurationName = Release;
		};
/* End XCConfigurationList section */
	};
	rootObject = FA05ED792871A757009777AF /* Project object */;
}
